
Microsoft Visual Studio Solution File, Format Version 12.00
# Visual Studio Version 17
VisualStudioVersion = 17.0.32014.148
MinimumVisualStudioVersion = 10.0.40219.1
Project("{FAE04EC0-301F-11D3-BF4B-00C04F79EFBC}") = "MatchGame", "MatchGame\MatchGame.csproj", "{B86BBEBE-156C-4DE3-AE9C-C93164F16729}"
EndProject
Global
	GlobalSection(SolutionConfigurationPlatforms) = preSolution
		Debug|Any CPU = Debug|Any CPU
		Release|Any CPU = Release|Any CPU
	EndGlobalSection
	GlobalSection(ProjectConfigurationPlatforms) = postSolution
		{B86BBEBE-156C-4DE3-AE9C-C93164F16729}.Debug|Any CPU.ActiveCfg = Debug|Any CPU
		{B86BBEBE-156C-4DE3-AE9C-C93164F16729}.Debug|Any CPU.Build.0 = Debug|Any CPU
		{B86BBEBE-156C-4DE3-AE9C-C93164F16729}.Release|Any CPU.ActiveCfg = Release|Any CPU
		{B86BBEBE-156C-4DE3-AE9C-C93164F16729}.Release|Any CPU.Build.0 = Release|Any CPU
	EndGlobalSection
	GlobalSection(SolutionProperties) = preSolution
		HideSolutionNode = FALSE
	EndGlobalSection
	GlobalSection(ExtensibilityGlobals) = postSolution
		SolutionGuid = {D3BA55F2-2076-4EB2-9F9E-6AAD3B8B8EE6}
	EndGlobalSection
EndGlobal
